
Microsoft Visual Studio Solution File, Format Version 12.00
# Visual Studio Version 16
VisualStudioVersion = 16.0.28917.181
MinimumVisualStudioVersion = 10.0.40219.1
Project("{FAE04EC0-301F-11D3-BF4B-00C04F79EFBC}") = "SINBALServGUI", "SINBALServGUI\SINBALServGUI.csproj", "{7DFFF7F6-A646-43DF-9B7E-0402AA17F22F}"
EndProject
Project("{FAE04EC0-301F-11D3-BF4B-00C04F79EFBC}") = "SINBALNetwork", "SINBALNetwork\SINBALNetwork.csproj", "{166BF6D1-AC26-46B4-BC16-4D5882EEED9E}"
EndProject
Project("{FAE04EC0-301F-11D3-BF4B-00C04F79EFBC}") = "SINBALClntGUI", "SINBALClntGUI\SINBALClntGUI.csproj", "{54AEE1E2-C910-4A83-A979-FA93AD041B9B}"
EndProject
Global
	GlobalSection(SolutionConfigurationPlatforms) = preSolution
		Debug|Any CPU = Debug|Any CPU
		Release|Any CPU = Release|Any CPU
	EndGlobalSection
	GlobalSection(ProjectConfigurationPlatforms) = postSolution
		{7DFFF7F6-A646-43DF-9B7E-0402AA17F22F}.Debug|Any CPU.ActiveCfg = Debug|Any CPU
		{7DFFF7F6-A646-43DF-9B7E-0402AA17F22F}.Debug|Any CPU.Build.0 = Debug|Any CPU
		{7DFFF7F6-A646-43DF-9B7E-0402AA17F22F}.Release|Any CPU.ActiveCfg = Release|Any CPU
		{7DFFF7F6-A646-43DF-9B7E-0402AA17F22F}.Release|Any CPU.Build.0 = Release|Any CPU
		{166BF6D1-AC26-46B4-BC16-4D5882EEED9E}.Debug|Any CPU.ActiveCfg = Debug|Any CPU
		{166BF6D1-AC26-46B4-BC16-4D5882EEED9E}.Debug|Any CPU.Build.0 = Debug|Any CPU
		{166BF6D1-AC26-46B4-BC16-4D5882EEED9E}.Release|Any CPU.ActiveCfg = Release|Any CPU
		{166BF6D1-AC26-46B4-BC16-4D5882EEED9E}.Release|Any CPU.Build.0 = Release|Any CPU
		{54AEE1E2-C910-4A83-A979-FA93AD041B9B}.Debug|Any CPU.ActiveCfg = Debug|Any CPU
		{54AEE1E2-C910-4A83-A979-FA93AD041B9B}.Debug|Any CPU.Build.0 = Debug|Any CPU
		{54AEE1E2-C910-4A83-A979-FA93AD041B9B}.Release|Any CPU.ActiveCfg = Release|Any CPU
		{54AEE1E2-C910-4A83-A979-FA93AD041B9B}.Release|Any CPU.Build.0 = Release|Any CPU
	EndGlobalSection
	GlobalSection(SolutionProperties) = preSolution
		HideSolutionNode = FALSE
	EndGlobalSection
	GlobalSection(ExtensibilityGlobals) = postSolution
		SolutionGuid = {96109B08-39A2-45FD-8F23-177FB25D4BC2}
	EndGlobalSection
EndGlobal
